
Microsoft Visual Studio Solution File, Format Version 12.00
# Visual Studio Version 17
VisualStudioVersion = 17.3.32929.385
MinimumVisualStudioVersion = 10.0.40219.1
Project("{FAE04EC0-301F-11D3-BF4B-00C04F79EFBC}") = "Boss.az", "Boss.az\Boss.az.csproj", "{60455D45-89BC-4F93-8CF4-B1C136CC5909}"
EndProject
Global
	GlobalSection(SolutionConfigurationPlatforms) = preSolution
		Debug|Any CPU = Debug|Any CPU
		Release|Any CPU = Release|Any CPU
	EndGlobalSection
	GlobalSection(ProjectConfigurationPlatforms) = postSolution
		{60455D45-89BC-4F93-8CF4-B1C136CC5909}.Debug|Any CPU.ActiveCfg = Debug|Any CPU
		{60455D45-89BC-4F93-8CF4-B1C136CC5909}.Debug|Any CPU.Build.0 = Debug|Any CPU
		{60455D45-89BC-4F93-8CF4-B1C136CC5909}.Release|Any CPU.ActiveCfg = Release|Any CPU
		{60455D45-89BC-4F93-8CF4-B1C136CC5909}.Release|Any CPU.Build.0 = Release|Any CPU
	EndGlobalSection
	GlobalSection(SolutionProperties) = preSolution
		HideSolutionNode = FALSE
	EndGlobalSection
	GlobalSection(ExtensibilityGlobals) = postSolution
		SolutionGuid = {364F6159-CE65-4925-A138-CF28B356FBF6}
	EndGlobalSection
EndGlobal
